// !$*UTF8*$!
{
	archiveVersion = 1;
	classes = {
	};
	objectVersion = 46;
	objects = {

/* Begin PBXBuildFile section */
		204542E6209359A600ED56E6 /* DefaultBackgroundOverlayDesigner.swift in Sources */ = {isa = PBXBuildFile; fileRef = 204542E5209359A600ED56E6 /* DefaultBackgroundOverlayDesigner.swift */; };
		204542E820935A7A00ED56E6 /* ImagePopOverDelegate.swift in Sources */ = {isa = PBXBuildFile; fileRef = 204542E720935A7A00ED56E6 /* ImagePopOverDelegate.swift */; };
		2045431C209366DD00ED56E6 /* FakeClosure.swift in Sources */ = {isa = PBXBuildFile; fileRef = 204542F4209366A600ED56E6 /* FakeClosure.swift */; };
		2045431D209366DD00ED56E6 /* FakeViewVerticalMover.swift in Sources */ = {isa = PBXBuildFile; fileRef = 204542F5209366A600ED56E6 /* FakeViewVerticalMover.swift */; };
		2045431E209366DD00ED56E6 /* FakeAlphaAnimator.swift in Sources */ = {isa = PBXBuildFile; fileRef = 204542F6209366A600ED56E6 /* FakeAlphaAnimator.swift */; };
		2045431F209366DD00ED56E6 /* FakeCenterAdjuster.swift in Sources */ = {isa = PBXBuildFile; fileRef = 204542F7209366A600ED56E6 /* FakeCenterAdjuster.swift */; };
		20454320209366DD00ED56E6 /* FakeConstraintAnimator.swift in Sources */ = {isa = PBXBuildFile; fileRef = 204542F8209366A600ED56E6 /* FakeConstraintAnimator.swift */; };
		20454321209366DD00ED56E6 /* FakeViewAnimator.swift in Sources */ = {isa = PBXBuildFile; fileRef = 204542F9209366A600ED56E6 /* FakeViewAnimator.swift */; };
		20454322209366DD00ED56E6 /* FakeView.swift in Sources */ = {isa = PBXBuildFile; fileRef = 204542FA209366A600ED56E6 /* FakeView.swift */; };
		20454323209366DD00ED56E6 /* FakeViewPresenter.swift in Sources */ = {isa = PBXBuildFile; fileRef = 204542FB209366A600ED56E6 /* FakeViewPresenter.swift */; };
		20454324209366DD00ED56E6 /* FakeViewConstraintGenerator.swift in Sources */ = {isa = PBXBuildFile; fileRef = 204542FC209366A600ED56E6 /* FakeViewConstraintGenerator.swift */; };
		20454325209366E100ED56E6 /* ViewVerticalMoverTests.swift in Sources */ = {isa = PBXBuildFile; fileRef = 204542FE209366A600ED56E6 /* ViewVerticalMoverTests.swift */; };
		20454326209366E100ED56E6 /* ViewConstraintGeneratorTests.swift in Sources */ = {isa = PBXBuildFile; fileRef = 204542FF209366A600ED56E6 /* ViewConstraintGeneratorTests.swift */; };
		20454327209366E100ED56E6 /* ModalViewDismisserTests.swift in Sources */ = {isa = PBXBuildFile; fileRef = 20454300209366A600ED56E6 /* ModalViewDismisserTests.swift */; };
		20454328209366E100ED56E6 /* CenterAdjusterTests.swift in Sources */ = {isa = PBXBuildFile; fileRef = 20454301209366A600ED56E6 /* CenterAdjusterTests.swift */; };
		20454329209366E100ED56E6 /* ConstraintAnimatorTests.swift in Sources */ = {isa = PBXBuildFile; fileRef = 20454302209366A600ED56E6 /* ConstraintAnimatorTests.swift */; };
		2045432A209366E100ED56E6 /* ViewPresenterTests.swift in Sources */ = {isa = PBXBuildFile; fileRef = 20454303209366A600ED56E6 /* ViewPresenterTests.swift */; };
		2045432B209366E100ED56E6 /* VerticalCenterMoverTests.swift in Sources */ = {isa = PBXBuildFile; fileRef = 20454304209366A600ED56E6 /* VerticalCenterMoverTests.swift */; };
		2045432C209366E100ED56E6 /* PanGestureAdderTests.swift in Sources */ = {isa = PBXBuildFile; fileRef = 20454305209366A600ED56E6 /* PanGestureAdderTests.swift */; };
		2045432D209366E100ED56E6 /* AlphaAnimatorTests.swift in Sources */ = {isa = PBXBuildFile; fileRef = 20454306209366A600ED56E6 /* AlphaAnimatorTests.swift */; };
		2045432E209366E400ED56E6 /* BackgroundOverlayViewTests.swift in Sources */ = {isa = PBXBuildFile; fileRef = 204542F2209366A600ED56E6 /* BackgroundOverlayViewTests.swift */; };
		2045432F209366E700ED56E6 /* ModalViewPresenterTests.swift in Sources */ = {isa = PBXBuildFile; fileRef = 204542EE209366A600ED56E6 /* ModalViewPresenterTests.swift */; };
		20454330209366E700ED56E6 /* BaseViewTests.swift in Sources */ = {isa = PBXBuildFile; fileRef = 204542F0209366A600ED56E6 /* BaseViewTests.swift */; };
		204543332093680C00ED56E6 /* FakeOverlayDesigner.swift in Sources */ = {isa = PBXBuildFile; fileRef = 20454331209367FA00ED56E6 /* FakeOverlayDesigner.swift */; };
		20D03390209356AD0033D933 /* ImagePopOverView.swift in Sources */ = {isa = PBXBuildFile; fileRef = 20D0338A209356AD0033D933 /* ImagePopOverView.swift */; };
		20D03391209356AD0033D933 /* ImagePopOverView.xib in Resources */ = {isa = PBXBuildFile; fileRef = 20D0338B209356AD0033D933 /* ImagePopOverView.xib */; };
		20D03392209356AD0033D933 /* TestView.xib in Resources */ = {isa = PBXBuildFile; fileRef = 20D0338D209356AD0033D933 /* TestView.xib */; };
		20D03394209356AD0033D933 /* TestView.swift in Sources */ = {isa = PBXBuildFile; fileRef = 20D0338F209356AD0033D933 /* TestView.swift */; };
		20D03397209357320033D933 /* UIViewExtension.swift in Sources */ = {isa = PBXBuildFile; fileRef = 20D03396209357320033D933 /* UIViewExtension.swift */; };
		607FACD61AFB9204008FA782 /* AppDelegate.swift in Sources */ = {isa = PBXBuildFile; fileRef = 607FACD51AFB9204008FA782 /* AppDelegate.swift */; };
		607FACD81AFB9204008FA782 /* ViewController.swift in Sources */ = {isa = PBXBuildFile; fileRef = 607FACD71AFB9204008FA782 /* ViewController.swift */; };
		607FACDB1AFB9204008FA782 /* Main.storyboard in Resources */ = {isa = PBXBuildFile; fileRef = 607FACD91AFB9204008FA782 /* Main.storyboard */; };
		607FACDD1AFB9204008FA782 /* Images.xcassets in Resources */ = {isa = PBXBuildFile; fileRef = 607FACDC1AFB9204008FA782 /* Images.xcassets */; };
		607FACE01AFB9204008FA782 /* LaunchScreen.xib in Resources */ = {isa = PBXBuildFile; fileRef = 607FACDE1AFB9204008FA782 /* LaunchScreen.xib */; };
		CE8B7BB745C245EC3D182C0A /* Pods_Velar_Example.framework in Frameworks */ = {isa = PBXBuildFile; fileRef = EEE1AF989DCB9612398CCA28 /* Pods_Velar_Example.framework */; };
		F97E2A5E7B6B331D90686A85 /* Pods_Velar_Tests.framework in Frameworks */ = {isa = PBXBuildFile; fileRef = B1B93A5848BF8DCC5C2EA43F /* Pods_Velar_Tests.framework */; };
/* End PBXBuildFile section */

/* Begin PBXContainerItemProxy section */
		607FACE61AFB9204008FA782 /* PBXContainerItemProxy */ = {
			isa = PBXContainerItemProxy;
			containerPortal = 607FACC81AFB9204008FA782 /* Project object */;
			proxyType = 1;
			remoteGlobalIDString = 607FACCF1AFB9204008FA782;
			remoteInfo = Velar;
		};
/* End PBXContainerItemProxy section */

/* Begin PBXFileReference section */
		204542E5209359A600ED56E6 /* DefaultBackgroundOverlayDesigner.swift */ = {isa = PBXFileReference; fileEncoding = 4; lastKnownFileType = sourcecode.swift; path = DefaultBackgroundOverlayDesigner.swift; sourceTree = "<group>"; };
		204542E720935A7A00ED56E6 /* ImagePopOverDelegate.swift */ = {isa = PBXFileReference; lastKnownFileType = sourcecode.swift; path = ImagePopOverDelegate.swift; sourceTree = "<group>"; };
		204542EE209366A600ED56E6 /* ModalViewPresenterTests.swift */ = {isa = PBXFileReference; fileEncoding = 4; lastKnownFileType = sourcecode.swift; path = ModalViewPresenterTests.swift; sourceTree = "<group>"; };
		204542F0209366A600ED56E6 /* BaseViewTests.swift */ = {isa = PBXFileReference; fileEncoding = 4; lastKnownFileType = sourcecode.swift; path = BaseViewTests.swift; sourceTree = "<group>"; };
		204542F2209366A600ED56E6 /* BackgroundOverlayViewTests.swift */ = {isa = PBXFileReference; fileEncoding = 4; lastKnownFileType = sourcecode.swift; path = BackgroundOverlayViewTests.swift; sourceTree = "<group>"; };
		204542F4209366A600ED56E6 /* FakeClosure.swift */ = {isa = PBXFileReference; fileEncoding = 4; lastKnownFileType = sourcecode.swift; path = FakeClosure.swift; sourceTree = "<group>"; };
		204542F5209366A600ED56E6 /* FakeViewVerticalMover.swift */ = {isa = PBXFileReference; fileEncoding = 4; lastKnownFileType = sourcecode.swift; path = FakeViewVerticalMover.swift; sourceTree = "<group>"; };
		204542F6209366A600ED56E6 /* FakeAlphaAnimator.swift */ = {isa = PBXFileReference; fileEncoding = 4; lastKnownFileType = sourcecode.swift; path = FakeAlphaAnimator.swift; sourceTree = "<group>"; };
		204542F7209366A600ED56E6 /* FakeCenterAdjuster.swift */ = {isa = PBXFileReference; fileEncoding = 4; lastKnownFileType = sourcecode.swift; path = FakeCenterAdjuster.swift; sourceTree = "<group>"; };
		204542F8209366A600ED56E6 /* FakeConstraintAnimator.swift */ = {isa = PBXFileReference; fileEncoding = 4; lastKnownFileType = sourcecode.swift; path = FakeConstraintAnimator.swift; sourceTree = "<group>"; };
		204542F9209366A600ED56E6 /* FakeViewAnimator.swift */ = {isa = PBXFileReference; fileEncoding = 4; lastKnownFileType = sourcecode.swift; path = FakeViewAnimator.swift; sourceTree = "<group>"; };
		204542FA209366A600ED56E6 /* FakeView.swift */ = {isa = PBXFileReference; fileEncoding = 4; lastKnownFileType = sourcecode.swift; path = FakeView.swift; sourceTree = "<group>"; };
		204542FB209366A600ED56E6 /* FakeViewPresenter.swift */ = {isa = PBXFileReference; fileEncoding = 4; lastKnownFileType = sourcecode.swift; path = FakeViewPresenter.swift; sourceTree = "<group>"; };
		204542FC209366A600ED56E6 /* FakeViewConstraintGenerator.swift */ = {isa = PBXFileReference; fileEncoding = 4; lastKnownFileType = sourcecode.swift; path = FakeViewConstraintGenerator.swift; sourceTree = "<group>"; };
		204542FE209366A600ED56E6 /* ViewVerticalMoverTests.swift */ = {isa = PBXFileReference; fileEncoding = 4; lastKnownFileType = sourcecode.swift; path = ViewVerticalMoverTests.swift; sourceTree = "<group>"; };
		204542FF209366A600ED56E6 /* ViewConstraintGeneratorTests.swift */ = {isa = PBXFileReference; fileEncoding = 4; lastKnownFileType = sourcecode.swift; path = ViewConstraintGeneratorTests.swift; sourceTree = "<group>"; };
		20454300209366A600ED56E6 /* ModalViewDismisserTests.swift */ = {isa = PBXFileReference; fileEncoding = 4; lastKnownFileType = sourcecode.swift; path = ModalViewDismisserTests.swift; sourceTree = "<group>"; };
		20454301209366A600ED56E6 /* CenterAdjusterTests.swift */ = {isa = PBXFileReference; fileEncoding = 4; lastKnownFileType = sourcecode.swift; path = CenterAdjusterTests.swift; sourceTree = "<group>"; };
		20454302209366A600ED56E6 /* ConstraintAnimatorTests.swift */ = {isa = PBXFileReference; fileEncoding = 4; lastKnownFileType = sourcecode.swift; path = ConstraintAnimatorTests.swift; sourceTree = "<group>"; };
		20454303209366A600ED56E6 /* ViewPresenterTests.swift */ = {isa = PBXFileReference; fileEncoding = 4; lastKnownFileType = sourcecode.swift; path = ViewPresenterTests.swift; sourceTree = "<group>"; };
		20454304209366A600ED56E6 /* VerticalCenterMoverTests.swift */ = {isa = PBXFileReference; fileEncoding = 4; lastKnownFileType = sourcecode.swift; path = VerticalCenterMoverTests.swift; sourceTree = "<group>"; };
		20454305209366A600ED56E6 /* PanGestureAdderTests.swift */ = {isa = PBXFileReference; fileEncoding = 4; lastKnownFileType = sourcecode.swift; path = PanGestureAdderTests.swift; sourceTree = "<group>"; };
		20454306209366A600ED56E6 /* AlphaAnimatorTests.swift */ = {isa = PBXFileReference; fileEncoding = 4; lastKnownFileType = sourcecode.swift; path = AlphaAnimatorTests.swift; sourceTree = "<group>"; };
		20454331209367FA00ED56E6 /* FakeOverlayDesigner.swift */ = {isa = PBXFileReference; lastKnownFileType = sourcecode.swift; path = FakeOverlayDesigner.swift; sourceTree = "<group>"; };
		20D0338A209356AD0033D933 /* ImagePopOverView.swift */ = {isa = PBXFileReference; fileEncoding = 4; lastKnownFileType = sourcecode.swift; path = ImagePopOverView.swift; sourceTree = "<group>"; };
		20D0338B209356AD0033D933 /* ImagePopOverView.xib */ = {isa = PBXFileReference; fileEncoding = 4; lastKnownFileType = file.xib; path = ImagePopOverView.xib; sourceTree = "<group>"; };
		20D0338D209356AD0033D933 /* TestView.xib */ = {isa = PBXFileReference; fileEncoding = 4; lastKnownFileType = file.xib; path = TestView.xib; sourceTree = "<group>"; };
		20D0338F209356AD0033D933 /* TestView.swift */ = {isa = PBXFileReference; fileEncoding = 4; lastKnownFileType = sourcecode.swift; path = TestView.swift; sourceTree = "<group>"; };
		20D03396209357320033D933 /* UIViewExtension.swift */ = {isa = PBXFileReference; lastKnownFileType = sourcecode.swift; path = UIViewExtension.swift; sourceTree = "<group>"; };
		222FF41404B340F1CD2F28C9 /* Pods-Velar_Example.debug.xcconfig */ = {isa = PBXFileReference; includeInIndex = 1; lastKnownFileType = text.xcconfig; name = "Pods-Velar_Example.debug.xcconfig"; path = "Pods/Target Support Files/Pods-Velar_Example/Pods-Velar_Example.debug.xcconfig"; sourceTree = "<group>"; };
		257F2A6FC86C3FAA9D5FED0F /* README.md */ = {isa = PBXFileReference; includeInIndex = 1; lastKnownFileType = net.daringfireball.markdown; name = README.md; path = ../README.md; sourceTree = "<group>"; };
		3E14AF7995AA3756AD3385EF /* Velar.podspec */ = {isa = PBXFileReference; includeInIndex = 1; lastKnownFileType = text; name = Velar.podspec; path = ../Velar.podspec; sourceTree = "<group>"; xcLanguageSpecificationIdentifier = xcode.lang.ruby; };
		607FACD01AFB9204008FA782 /* Velar_Example.app */ = {isa = PBXFileReference; explicitFileType = wrapper.application; includeInIndex = 0; path = Velar_Example.app; sourceTree = BUILT_PRODUCTS_DIR; };
		607FACD41AFB9204008FA782 /* Info.plist */ = {isa = PBXFileReference; lastKnownFileType = text.plist.xml; path = Info.plist; sourceTree = "<group>"; };
		607FACD51AFB9204008FA782 /* AppDelegate.swift */ = {isa = PBXFileReference; lastKnownFileType = sourcecode.swift; path = AppDelegate.swift; sourceTree = "<group>"; };
		607FACD71AFB9204008FA782 /* ViewController.swift */ = {isa = PBXFileReference; lastKnownFileType = sourcecode.swift; path = ViewController.swift; sourceTree = "<group>"; };
		607FACDA1AFB9204008FA782 /* Base */ = {isa = PBXFileReference; lastKnownFileType = file.storyboard; name = Base; path = Base.lproj/Main.storyboard; sourceTree = "<group>"; };
		607FACDC1AFB9204008FA782 /* Images.xcassets */ = {isa = PBXFileReference; lastKnownFileType = folder.assetcatalog; path = Images.xcassets; sourceTree = "<group>"; };
		607FACDF1AFB9204008FA782 /* Base */ = {isa = PBXFileReference; lastKnownFileType = file.xib; name = Base; path = Base.lproj/LaunchScreen.xib; sourceTree = "<group>"; };
		607FACE51AFB9204008FA782 /* Velar_Tests.xctest */ = {isa = PBXFileReference; explicitFileType = wrapper.cfbundle; includeInIndex = 0; path = Velar_Tests.xctest; sourceTree = BUILT_PRODUCTS_DIR; };
		607FACEA1AFB9204008FA782 /* Info.plist */ = {isa = PBXFileReference; lastKnownFileType = text.plist.xml; path = Info.plist; sourceTree = "<group>"; };
		76F61782E3C7A0559EE30678 /* Pods-Velar_Example.release.xcconfig */ = {isa = PBXFileReference; includeInIndex = 1; lastKnownFileType = text.xcconfig; name = "Pods-Velar_Example.release.xcconfig"; path = "Pods/Target Support Files/Pods-Velar_Example/Pods-Velar_Example.release.xcconfig"; sourceTree = "<group>"; };
		8E11A9C5B0F8DACB54C9CE22 /* LICENSE */ = {isa = PBXFileReference; includeInIndex = 1; lastKnownFileType = text; name = LICENSE; path = ../LICENSE; sourceTree = "<group>"; };
		B1B93A5848BF8DCC5C2EA43F /* Pods_Velar_Tests.framework */ = {isa = PBXFileReference; explicitFileType = wrapper.framework; includeInIndex = 0; path = Pods_Velar_Tests.framework; sourceTree = BUILT_PRODUCTS_DIR; };
		B74458D812EA17F503470BCD /* Pods-Velar_Tests.debug.xcconfig */ = {isa = PBXFileReference; includeInIndex = 1; lastKnownFileType = text.xcconfig; name = "Pods-Velar_Tests.debug.xcconfig"; path = "Pods/Target Support Files/Pods-Velar_Tests/Pods-Velar_Tests.debug.xcconfig"; sourceTree = "<group>"; };
		BB4E23AEF5C67035F11856B9 /* Pods-Velar_Tests.release.xcconfig */ = {isa = PBXFileReference; includeInIndex = 1; lastKnownFileType = text.xcconfig; name = "Pods-Velar_Tests.release.xcconfig"; path = "Pods/Target Support Files/Pods-Velar_Tests/Pods-Velar_Tests.release.xcconfig"; sourceTree = "<group>"; };
		EEE1AF989DCB9612398CCA28 /* Pods_Velar_Example.framework */ = {isa = PBXFileReference; explicitFileType = wrapper.framework; includeInIndex = 0; path = Pods_Velar_Example.framework; sourceTree = BUILT_PRODUCTS_DIR; };
/* End PBXFileReference section */

/* Begin PBXFrameworksBuildPhase section */
		607FACCD1AFB9204008FA782 /* Frameworks */ = {
			isa = PBXFrameworksBuildPhase;
			buildActionMask = 2147483647;
			files = (
				CE8B7BB745C245EC3D182C0A /* Pods_Velar_Example.framework in Frameworks */,
			);
			runOnlyForDeploymentPostprocessing = 0;
		};
		607FACE21AFB9204008FA782 /* Frameworks */ = {
			isa = PBXFrameworksBuildPhase;
			buildActionMask = 2147483647;
			files = (
				F97E2A5E7B6B331D90686A85 /* Pods_Velar_Tests.framework in Frameworks */,
			);
			runOnlyForDeploymentPostprocessing = 0;
		};
/* End PBXFrameworksBuildPhase section */

/* Begin PBXGroup section */
		02ED453FD1C312180E89B7EC /* Pods */ = {
			isa = PBXGroup;
			children = (
				222FF41404B340F1CD2F28C9 /* Pods-Velar_Example.debug.xcconfig */,
				76F61782E3C7A0559EE30678 /* Pods-Velar_Example.release.xcconfig */,
				B74458D812EA17F503470BCD /* Pods-Velar_Tests.debug.xcconfig */,
				BB4E23AEF5C67035F11856B9 /* Pods-Velar_Tests.release.xcconfig */,
			);
			name = Pods;
			sourceTree = "<group>";
		};
		204542E4209359A600ED56E6 /* Designers */ = {
			isa = PBXGroup;
			children = (
				204542E5209359A600ED56E6 /* DefaultBackgroundOverlayDesigner.swift */,
			);
			path = Designers;
			sourceTree = "<group>";
		};
		204542EC209366A600ED56E6 /* Features */ = {
			isa = PBXGroup;
			children = (
				204542ED209366A600ED56E6 /* ModalView */,
				204542EF209366A600ED56E6 /* BaseView */,
				204542F1209366A600ED56E6 /* BackgroundOverlayView */,
			);
			path = Features;
			sourceTree = "<group>";
		};
		204542ED209366A600ED56E6 /* ModalView */ = {
			isa = PBXGroup;
			children = (
				204542EE209366A600ED56E6 /* ModalViewPresenterTests.swift */,
			);
			path = ModalView;
			sourceTree = "<group>";
		};
		204542EF209366A600ED56E6 /* BaseView */ = {
			isa = PBXGroup;
			children = (
				204542F0209366A600ED56E6 /* BaseViewTests.swift */,
			);
			path = BaseView;
			sourceTree = "<group>";
		};
		204542F1209366A600ED56E6 /* BackgroundOverlayView */ = {
			isa = PBXGroup;
			children = (
				204542F2209366A600ED56E6 /* BackgroundOverlayViewTests.swift */,
			);
			path = BackgroundOverlayView;
			sourceTree = "<group>";
		};
		204542F3209366A600ED56E6 /* Mock Classes */ = {
			isa = PBXGroup;
			children = (
				204542F4209366A600ED56E6 /* FakeClosure.swift */,
				204542F5209366A600ED56E6 /* FakeViewVerticalMover.swift */,
				204542F6209366A600ED56E6 /* FakeAlphaAnimator.swift */,
				204542F7209366A600ED56E6 /* FakeCenterAdjuster.swift */,
				204542F8209366A600ED56E6 /* FakeConstraintAnimator.swift */,
				204542F9209366A600ED56E6 /* FakeViewAnimator.swift */,
				204542FA209366A600ED56E6 /* FakeView.swift */,
				204542FB209366A600ED56E6 /* FakeViewPresenter.swift */,
				204542FC209366A600ED56E6 /* FakeViewConstraintGenerator.swift */,
				20454331209367FA00ED56E6 /* FakeOverlayDesigner.swift */,
			);
			path = "Mock Classes";
			sourceTree = "<group>";
		};
		204542FD209366A600ED56E6 /* Helper Classes */ = {
			isa = PBXGroup;
			children = (
				204542FE209366A600ED56E6 /* ViewVerticalMoverTests.swift */,
				204542FF209366A600ED56E6 /* ViewConstraintGeneratorTests.swift */,
				20454300209366A600ED56E6 /* ModalViewDismisserTests.swift */,
				20454301209366A600ED56E6 /* CenterAdjusterTests.swift */,
				20454302209366A600ED56E6 /* ConstraintAnimatorTests.swift */,
				20454303209366A600ED56E6 /* ViewPresenterTests.swift */,
				20454304209366A600ED56E6 /* VerticalCenterMoverTests.swift */,
				20454305209366A600ED56E6 /* PanGestureAdderTests.swift */,
				20454306209366A600ED56E6 /* AlphaAnimatorTests.swift */,
			);
			path = "Helper Classes";
			sourceTree = "<group>";
		};
		20D03388209356AD0033D933 /* Templates */ = {
			isa = PBXGroup;
			children = (
				20D03389209356AD0033D933 /* ImagePopOverView */,
				20D0338C209356AD0033D933 /* Test View */,
			);
			path = Templates;
			sourceTree = "<group>";
		};
		20D03389209356AD0033D933 /* ImagePopOverView */ = {
			isa = PBXGroup;
			children = (
				20D0338A209356AD0033D933 /* ImagePopOverView.swift */,
				20D0338B209356AD0033D933 /* ImagePopOverView.xib */,
				204542E720935A7A00ED56E6 /* ImagePopOverDelegate.swift */,
			);
			path = ImagePopOverView;
			sourceTree = "<group>";
		};
		20D0338C209356AD0033D933 /* Test View */ = {
			isa = PBXGroup;
			children = (
				20D0338D209356AD0033D933 /* TestView.xib */,
				20D0338F209356AD0033D933 /* TestView.swift */,
			);
			path = "Test View";
			sourceTree = "<group>";
		};
		20D03395209357270033D933 /* Extensions */ = {
			isa = PBXGroup;
			children = (
				20D03396209357320033D933 /* UIViewExtension.swift */,
			);
			path = Extensions;
			sourceTree = "<group>";
		};
		607FACC71AFB9204008FA782 = {
			isa = PBXGroup;
			children = (
				607FACF51AFB993E008FA782 /* Podspec Metadata */,
				607FACD21AFB9204008FA782 /* Example for Velar */,
				607FACE81AFB9204008FA782 /* Tests */,
				607FACD11AFB9204008FA782 /* Products */,
				02ED453FD1C312180E89B7EC /* Pods */,
				A99E085DFF6A1E4169C772BE /* Frameworks */,
			);
			sourceTree = "<group>";
		};
		607FACD11AFB9204008FA782 /* Products */ = {
			isa = PBXGroup;
			children = (
				607FACD01AFB9204008FA782 /* Velar_Example.app */,
				607FACE51AFB9204008FA782 /* Velar_Tests.xctest */,
			);
			name = Products;
			sourceTree = "<group>";
		};
		607FACD21AFB9204008FA782 /* Example for Velar */ = {
			isa = PBXGroup;
			children = (
				204542E4209359A600ED56E6 /* Designers */,
				20D03395209357270033D933 /* Extensions */,
				20D03388209356AD0033D933 /* Templates */,
				607FACD51AFB9204008FA782 /* AppDelegate.swift */,
				607FACD71AFB9204008FA782 /* ViewController.swift */,
				607FACD91AFB9204008FA782 /* Main.storyboard */,
				607FACDC1AFB9204008FA782 /* Images.xcassets */,
				607FACDE1AFB9204008FA782 /* LaunchScreen.xib */,
				607FACD31AFB9204008FA782 /* Supporting Files */,
			);
			name = "Example for Velar";
			path = Velar;
			sourceTree = "<group>";
		};
		607FACD31AFB9204008FA782 /* Supporting Files */ = {
			isa = PBXGroup;
			children = (
				607FACD41AFB9204008FA782 /* Info.plist */,
			);
			name = "Supporting Files";
			sourceTree = "<group>";
		};
		607FACE81AFB9204008FA782 /* Tests */ = {
			isa = PBXGroup;
			children = (
				204542EC209366A600ED56E6 /* Features */,
				204542FD209366A600ED56E6 /* Helper Classes */,
				204542F3209366A600ED56E6 /* Mock Classes */,
				607FACE91AFB9204008FA782 /* Supporting Files */,
			);
			path = Tests;
			sourceTree = "<group>";
		};
		607FACE91AFB9204008FA782 /* Supporting Files */ = {
			isa = PBXGroup;
			children = (
				607FACEA1AFB9204008FA782 /* Info.plist */,
			);
			name = "Supporting Files";
			sourceTree = "<group>";
		};
		607FACF51AFB993E008FA782 /* Podspec Metadata */ = {
			isa = PBXGroup;
			children = (
				3E14AF7995AA3756AD3385EF /* Velar.podspec */,
				257F2A6FC86C3FAA9D5FED0F /* README.md */,
				8E11A9C5B0F8DACB54C9CE22 /* LICENSE */,
			);
			name = "Podspec Metadata";
			sourceTree = "<group>";
		};
		A99E085DFF6A1E4169C772BE /* Frameworks */ = {
			isa = PBXGroup;
			children = (
				EEE1AF989DCB9612398CCA28 /* Pods_Velar_Example.framework */,
				B1B93A5848BF8DCC5C2EA43F /* Pods_Velar_Tests.framework */,
			);
			name = Frameworks;
			sourceTree = "<group>";
		};
/* End PBXGroup section */

/* Begin PBXNativeTarget section */
		607FACCF1AFB9204008FA782 /* Velar_Example */ = {
			isa = PBXNativeTarget;
			buildConfigurationList = 607FACEF1AFB9204008FA782 /* Build configuration list for PBXNativeTarget "Velar_Example" */;
			buildPhases = (
				233A3B94CC1798540A575AC5 /* [CP] Check Pods Manifest.lock */,
				607FACCC1AFB9204008FA782 /* Sources */,
				607FACCD1AFB9204008FA782 /* Frameworks */,
				607FACCE1AFB9204008FA782 /* Resources */,
				6A2BF6098FF3267876CAA531 /* [CP] Embed Pods Frameworks */,
				A14E898FBCF7B0052BD72BB2 /* [CP] Copy Pods Resources */,
			);
			buildRules = (
			);
			dependencies = (
			);
			name = Velar_Example;
			productName = Velar;
			productReference = 607FACD01AFB9204008FA782 /* Velar_Example.app */;
			productType = "com.apple.product-type.application";
		};
		607FACE41AFB9204008FA782 /* Velar_Tests */ = {
			isa = PBXNativeTarget;
			buildConfigurationList = 607FACF21AFB9204008FA782 /* Build configuration list for PBXNativeTarget "Velar_Tests" */;
			buildPhases = (
				1BB0DECAB9434F5BF2D3EF44 /* [CP] Check Pods Manifest.lock */,
				607FACE11AFB9204008FA782 /* Sources */,
				607FACE21AFB9204008FA782 /* Frameworks */,
				607FACE31AFB9204008FA782 /* Resources */,
				81AC66ED03A790AA39BB2E2E /* [CP] Embed Pods Frameworks */,
				81AAD554A95B4CFA25CE5C8F /* [CP] Copy Pods Resources */,
			);
			buildRules = (
			);
			dependencies = (
				607FACE71AFB9204008FA782 /* PBXTargetDependency */,
			);
			name = Velar_Tests;
			productName = Tests;
			productReference = 607FACE51AFB9204008FA782 /* Velar_Tests.xctest */;
			productType = "com.apple.product-type.bundle.unit-test";
		};
/* End PBXNativeTarget section */

/* Begin PBXProject section */
		607FACC81AFB9204008FA782 /* Project object */ = {
			isa = PBXProject;
			attributes = {
				LastSwiftUpdateCheck = 0830;
				LastUpgradeCheck = 0830;
				ORGANIZATIONNAME = CocoaPods;
				TargetAttributes = {
					607FACCF1AFB9204008FA782 = {
						CreatedOnToolsVersion = 6.3.1;
						LastSwiftMigration = 0900;
					};
					607FACE41AFB9204008FA782 = {
						CreatedOnToolsVersion = 6.3.1;
						LastSwiftMigration = 0900;
						TestTargetID = 607FACCF1AFB9204008FA782;
					};
				};
			};
			buildConfigurationList = 607FACCB1AFB9204008FA782 /* Build configuration list for PBXProject "Velar" */;
			compatibilityVersion = "Xcode 3.2";
			developmentRegion = English;
			hasScannedForEncodings = 0;
			knownRegions = (
				en,
				Base,
			);
			mainGroup = 607FACC71AFB9204008FA782;
			productRefGroup = 607FACD11AFB9204008FA782 /* Products */;
			projectDirPath = "";
			projectRoot = "";
			targets = (
				607FACCF1AFB9204008FA782 /* Velar_Example */,
				607FACE41AFB9204008FA782 /* Velar_Tests */,
			);
		};
/* End PBXProject section */

/* Begin PBXResourcesBuildPhase section */
		607FACCE1AFB9204008FA782 /* Resources */ = {
			isa = PBXResourcesBuildPhase;
			buildActionMask = 2147483647;
			files = (
				607FACDB1AFB9204008FA782 /* Main.storyboard in Resources */,
				607FACE01AFB9204008FA782 /* LaunchScreen.xib in Resources */,
				20D03391209356AD0033D933 /* ImagePopOverView.xib in Resources */,
				20D03392209356AD0033D933 /* TestView.xib in Resources */,
				607FACDD1AFB9204008FA782 /* Images.xcassets in Resources */,
			);
			runOnlyForDeploymentPostprocessing = 0;
		};
		607FACE31AFB9204008FA782 /* Resources */ = {
			isa = PBXResourcesBuildPhase;
			buildActionMask = 2147483647;
			files = (
			);
			runOnlyForDeploymentPostprocessing = 0;
		};
/* End PBXResourcesBuildPhase section */

/* Begin PBXShellScriptBuildPhase section */
		1BB0DECAB9434F5BF2D3EF44 /* [CP] Check Pods Manifest.lock */ = {
			isa = PBXShellScriptBuildPhase;
			buildActionMask = 2147483647;
			files = (
			);
			inputPaths = (
				"${PODS_PODFILE_DIR_PATH}/Podfile.lock",
				"${PODS_ROOT}/Manifest.lock",
			);
			name = "[CP] Check Pods Manifest.lock";
			outputPaths = (
				"$(DERIVED_FILE_DIR)/Pods-Velar_Tests-checkManifestLockResult.txt",
			);
			runOnlyForDeploymentPostprocessing = 0;
			shellPath = /bin/sh;
			shellScript = "diff \"${PODS_PODFILE_DIR_PATH}/Podfile.lock\" \"${PODS_ROOT}/Manifest.lock\" > /dev/null\nif [ $? != 0 ] ; then\n    # print error to STDERR\n    echo \"error: The sandbox is not in sync with the Podfile.lock. Run 'pod install' or update your CocoaPods installation.\" >&2\n    exit 1\nfi\n# This output is used by Xcode 'outputs' to avoid re-running this script phase.\necho \"SUCCESS\" > \"${SCRIPT_OUTPUT_FILE_0}\"\n";
			showEnvVarsInLog = 0;
		};
		233A3B94CC1798540A575AC5 /* [CP] Check Pods Manifest.lock */ = {
			isa = PBXShellScriptBuildPhase;
			buildActionMask = 2147483647;
			files = (
			);
			inputPaths = (
				"${PODS_PODFILE_DIR_PATH}/Podfile.lock",
				"${PODS_ROOT}/Manifest.lock",
			);
			name = "[CP] Check Pods Manifest.lock";
			outputPaths = (
				"$(DERIVED_FILE_DIR)/Pods-Velar_Example-checkManifestLockResult.txt",
			);
			runOnlyForDeploymentPostprocessing = 0;
			shellPath = /bin/sh;
			shellScript = "diff \"${PODS_PODFILE_DIR_PATH}/Podfile.lock\" \"${PODS_ROOT}/Manifest.lock\" > /dev/null\nif [ $? != 0 ] ; then\n    # print error to STDERR\n    echo \"error: The sandbox is not in sync with the Podfile.lock. Run 'pod install' or update your CocoaPods installation.\" >&2\n    exit 1\nfi\n# This output is used by Xcode 'outputs' to avoid re-running this script phase.\necho \"SUCCESS\" > \"${SCRIPT_OUTPUT_FILE_0}\"\n";
			showEnvVarsInLog = 0;
		};
		6A2BF6098FF3267876CAA531 /* [CP] Embed Pods Frameworks */ = {
			isa = PBXShellScriptBuildPhase;
			buildActionMask = 2147483647;
			files = (
			);
			inputPaths = (
				"${SRCROOT}/Pods/Target Support Files/Pods-Velar_Example/Pods-Velar_Example-frameworks.sh",
				"${BUILT_PRODUCTS_DIR}/Velar/Velar.framework",
			);
			name = "[CP] Embed Pods Frameworks";
			outputPaths = (
				"${TARGET_BUILD_DIR}/${FRAMEWORKS_FOLDER_PATH}/Velar.framework",
			);
			runOnlyForDeploymentPostprocessing = 0;
			shellPath = /bin/sh;
			shellScript = "\"${SRCROOT}/Pods/Target Support Files/Pods-Velar_Example/Pods-Velar_Example-frameworks.sh\"\n";
			showEnvVarsInLog = 0;
		};
		81AAD554A95B4CFA25CE5C8F /* [CP] Copy Pods Resources */ = {
			isa = PBXShellScriptBuildPhase;
			buildActionMask = 2147483647;
			files = (
			);
			inputPaths = (
			);
			name = "[CP] Copy Pods Resources";
			outputPaths = (
			);
			runOnlyForDeploymentPostprocessing = 0;
			shellPath = /bin/sh;
			shellScript = "\"${SRCROOT}/Pods/Target Support Files/Pods-Velar_Tests/Pods-Velar_Tests-resources.sh\"\n";
			showEnvVarsInLog = 0;
		};
		81AC66ED03A790AA39BB2E2E /* [CP] Embed Pods Frameworks */ = {
			isa = PBXShellScriptBuildPhase;
			buildActionMask = 2147483647;
			files = (
			);
			inputPaths = (
			);
			name = "[CP] Embed Pods Frameworks";
			outputPaths = (
			);
			runOnlyForDeploymentPostprocessing = 0;
			shellPath = /bin/sh;
			shellScript = "\"${SRCROOT}/Pods/Target Support Files/Pods-Velar_Tests/Pods-Velar_Tests-frameworks.sh\"\n";
			showEnvVarsInLog = 0;
		};
		A14E898FBCF7B0052BD72BB2 /* [CP] Copy Pods Resources */ = {
			isa = PBXShellScriptBuildPhase;
			buildActionMask = 2147483647;
			files = (
			);
			inputPaths = (
			);
			name = "[CP] Copy Pods Resources";
			outputPaths = (
			);
			runOnlyForDeploymentPostprocessing = 0;
			shellPath = /bin/sh;
			shellScript = "\"${SRCROOT}/Pods/Target Support Files/Pods-Velar_Example/Pods-Velar_Example-resources.sh\"\n";
			showEnvVarsInLog = 0;
		};
/* End PBXShellScriptBuildPhase section */

/* Begin PBXSourcesBuildPhase section */
		607FACCC1AFB9204008FA782 /* Sources */ = {
			isa = PBXSourcesBuildPhase;
			buildActionMask = 2147483647;
			files = (
				20D03397209357320033D933 /* UIViewExtension.swift in Sources */,
				607FACD81AFB9204008FA782 /* ViewController.swift in Sources */,
				204542E820935A7A00ED56E6 /* ImagePopOverDelegate.swift in Sources */,
				20D03394209356AD0033D933 /* TestView.swift in Sources */,
				20D03390209356AD0033D933 /* ImagePopOverView.swift in Sources */,
				607FACD61AFB9204008FA782 /* AppDelegate.swift in Sources */,
				204542E6209359A600ED56E6 /* DefaultBackgroundOverlayDesigner.swift in Sources */,
			);
			runOnlyForDeploymentPostprocessing = 0;
		};
		607FACE11AFB9204008FA782 /* Sources */ = {
			isa = PBXSourcesBuildPhase;
			buildActionMask = 2147483647;
			files = (
				2045432B209366E100ED56E6 /* VerticalCenterMoverTests.swift in Sources */,
				20454321209366DD00ED56E6 /* FakeViewAnimator.swift in Sources */,
				20454330209366E700ED56E6 /* BaseViewTests.swift in Sources */,
				2045432A209366E100ED56E6 /* ViewPresenterTests.swift in Sources */,
				20454322209366DD00ED56E6 /* FakeView.swift in Sources */,
				20454325209366E100ED56E6 /* ViewVerticalMoverTests.swift in Sources */,
				204543332093680C00ED56E6 /* FakeOverlayDesigner.swift in Sources */,
				2045432D209366E100ED56E6 /* AlphaAnimatorTests.swift in Sources */,
				20454329209366E100ED56E6 /* ConstraintAnimatorTests.swift in Sources */,
				20454328209366E100ED56E6 /* CenterAdjusterTests.swift in Sources */,
				20454326209366E100ED56E6 /* ViewConstraintGeneratorTests.swift in Sources */,
				2045432C209366E100ED56E6 /* PanGestureAdderTests.swift in Sources */,
				20454320209366DD00ED56E6 /* FakeConstraintAnimator.swift in Sources */,
				2045432F209366E700ED56E6 /* ModalViewPresenterTests.swift in Sources */,
				2045431C209366DD00ED56E6 /* FakeClosure.swift in Sources */,
				20454323209366DD00ED56E6 /* FakeViewPresenter.swift in Sources */,
				2045431F209366DD00ED56E6 /* FakeCenterAdjuster.swift in Sources */,
				2045431D209366DD00ED56E6 /* FakeViewVerticalMover.swift in Sources */,
				2045431E209366DD00ED56E6 /* FakeAlphaAnimator.swift in Sources */,
				20454327209366E100ED56E6 /* ModalViewDismisserTests.swift in Sources */,
				2045432E209366E400ED56E6 /* BackgroundOverlayViewTests.swift in Sources */,
				20454324209366DD00ED56E6 /* FakeViewConstraintGenerator.swift in Sources */,
			);
			runOnlyForDeploymentPostprocessing = 0;
		};
/* End PBXSourcesBuildPhase section */

/* Begin PBXTargetDependency section */
		607FACE71AFB9204008FA782 /* PBXTargetDependency */ = {
			isa = PBXTargetDependency;
			target = 607FACCF1AFB9204008FA782 /* Velar_Example */;
			targetProxy = 607FACE61AFB9204008FA782 /* PBXContainerItemProxy */;
		};
/* End PBXTargetDependency section */

/* Begin PBXVariantGroup section */
		607FACD91AFB9204008FA782 /* Main.storyboard */ = {
			isa = PBXVariantGroup;
			children = (
				607FACDA1AFB9204008FA782 /* Base */,
			);
			name = Main.storyboard;
			sourceTree = "<group>";
		};
		607FACDE1AFB9204008FA782 /* LaunchScreen.xib */ = {
			isa = PBXVariantGroup;
			children = (
				607FACDF1AFB9204008FA782 /* Base */,
			);
			name = LaunchScreen.xib;
			sourceTree = "<group>";
		};
/* End PBXVariantGroup section */

/* Begin XCBuildConfiguration section */
		607FACED1AFB9204008FA782 /* Debug */ = {
			isa = XCBuildConfiguration;
			buildSettings = {
				ALWAYS_SEARCH_USER_PATHS = NO;
				CLANG_CXX_LANGUAGE_STANDARD = "gnu++0x";
				CLANG_CXX_LIBRARY = "libc++";
				CLANG_ENABLE_MODULES = YES;
				CLANG_ENABLE_OBJC_ARC = YES;
				CLANG_WARN_BLOCK_CAPTURE_AUTORELEASING = YES;
				CLANG_WARN_BOOL_CONVERSION = YES;
				CLANG_WARN_COMMA = YES;
				CLANG_WARN_CONSTANT_CONVERSION = YES;
				CLANG_WARN_DIRECT_OBJC_ISA_USAGE = YES_ERROR;
				CLANG_WARN_EMPTY_BODY = YES;
				CLANG_WARN_ENUM_CONVERSION = YES;
				CLANG_WARN_INFINITE_RECURSION = YES;
				CLANG_WARN_INT_CONVERSION = YES;
				CLANG_WARN_NON_LITERAL_NULL_CONVERSION = YES;
				CLANG_WARN_OBJC_LITERAL_CONVERSION = YES;
				CLANG_WARN_OBJC_ROOT_CLASS = YES_ERROR;
				CLANG_WARN_RANGE_LOOP_ANALYSIS = YES;
				CLANG_WARN_STRICT_PROTOTYPES = YES;
				CLANG_WARN_SUSPICIOUS_MOVE = YES;
				CLANG_WARN_UNREACHABLE_CODE = YES;
				CLANG_WARN__DUPLICATE_METHOD_MATCH = YES;
				"CODE_SIGN_IDENTITY[sdk=iphoneos*]" = "iPhone Developer";
				COPY_PHASE_STRIP = NO;
				DEBUG_INFORMATION_FORMAT = "dwarf-with-dsym";
				ENABLE_STRICT_OBJC_MSGSEND = YES;
				ENABLE_TESTABILITY = YES;
				GCC_C_LANGUAGE_STANDARD = gnu99;
				GCC_DYNAMIC_NO_PIC = NO;
				GCC_NO_COMMON_BLOCKS = YES;
				GCC_OPTIMIZATION_LEVEL = 0;
				GCC_PREPROCESSOR_DEFINITIONS = (
					"DEBUG=1",
					"$(inherited)",
				);
				GCC_SYMBOLS_PRIVATE_EXTERN = NO;
				GCC_WARN_64_TO_32_BIT_CONVERSION = YES;
				GCC_WARN_ABOUT_RETURN_TYPE = YES_ERROR;
				GCC_WARN_UNDECLARED_SELECTOR = YES;
				GCC_WARN_UNINITIALIZED_AUTOS = YES_AGGRESSIVE;
				GCC_WARN_UNUSED_FUNCTION = YES;
				GCC_WARN_UNUSED_VARIABLE = YES;
				IPHONEOS_DEPLOYMENT_TARGET = 9.3;
				MTL_ENABLE_DEBUG_INFO = YES;
				ONLY_ACTIVE_ARCH = YES;
				SDKROOT = iphoneos;
				SWIFT_OPTIMIZATION_LEVEL = "-Onone";
			};
			name = Debug;
		};
		607FACEE1AFB9204008FA782 /* Release */ = {
			isa = XCBuildConfiguration;
			buildSettings = {
				ALWAYS_SEARCH_USER_PATHS = NO;
				CLANG_CXX_LANGUAGE_STANDARD = "gnu++0x";
				CLANG_CXX_LIBRARY = "libc++";
				CLANG_ENABLE_MODULES = YES;
				CLANG_ENABLE_OBJC_ARC = YES;
				CLANG_WARN_BLOCK_CAPTURE_AUTORELEASING = YES;
				CLANG_WARN_BOOL_CONVERSION = YES;
				CLANG_WARN_COMMA = YES;
				CLANG_WARN_CONSTANT_CONVERSION = YES;
				CLANG_WARN_DIRECT_OBJC_ISA_USAGE = YES_ERROR;
				CLANG_WARN_EMPTY_BODY = YES;
				CLANG_WARN_ENUM_CONVERSION = YES;
				CLANG_WARN_INFINITE_RECURSION = YES;
				CLANG_WARN_INT_CONVERSION = YES;
				CLANG_WARN_NON_LITERAL_NULL_CONVERSION = YES;
				CLANG_WARN_OBJC_LITERAL_CONVERSION = YES;
				CLANG_WARN_OBJC_ROOT_CLASS = YES_ERROR;
				CLANG_WARN_RANGE_LOOP_ANALYSIS = YES;
				CLANG_WARN_STRICT_PROTOTYPES = YES;
				CLANG_WARN_SUSPICIOUS_MOVE = YES;
				CLANG_WARN_UNREACHABLE_CODE = YES;
				CLANG_WARN__DUPLICATE_METHOD_MATCH = YES;
				"CODE_SIGN_IDENTITY[sdk=iphoneos*]" = "iPhone Developer";
				COPY_PHASE_STRIP = NO;
				DEBUG_INFORMATION_FORMAT = "dwarf-with-dsym";
				ENABLE_NS_ASSERTIONS = NO;
				ENABLE_STRICT_OBJC_MSGSEND = YES;
				GCC_C_LANGUAGE_STANDARD = gnu99;
				GCC_NO_COMMON_BLOCKS = YES;
				GCC_WARN_64_TO_32_BIT_CONVERSION = YES;
				GCC_WARN_ABOUT_RETURN_TYPE = YES_ERROR;
				GCC_WARN_UNDECLARED_SELECTOR = YES;
				GCC_WARN_UNINITIALIZED_AUTOS = YES_AGGRESSIVE;
				GCC_WARN_UNUSED_FUNCTION = YES;
				GCC_WARN_UNUSED_VARIABLE = YES;
				IPHONEOS_DEPLOYMENT_TARGET = 9.3;
				MTL_ENABLE_DEBUG_INFO = NO;
				SDKROOT = iphoneos;
				SWIFT_OPTIMIZATION_LEVEL = "-Owholemodule";
				VALIDATE_PRODUCT = YES;
			};
			name = Release;
		};
		607FACF01AFB9204008FA782 /* Debug */ = {
			isa = XCBuildConfiguration;
			baseConfigurationReference = 222FF41404B340F1CD2F28C9 /* Pods-Velar_Example.debug.xcconfig */;
			buildSettings = {
				ASSETCATALOG_COMPILER_APPICON_NAME = AppIcon;
				INFOPLIST_FILE = Velar/Info.plist;
				LD_RUNPATH_SEARCH_PATHS = "$(inherited) @executable_path/Frameworks";
				MODULE_NAME = ExampleApp;
				PRODUCT_BUNDLE_IDENTIFIER = "org.cocoapods.demo.$(PRODUCT_NAME:rfc1034identifier)";
				PRODUCT_NAME = "$(TARGET_NAME)";
				SWIFT_SWIFT3_OBJC_INFERENCE = Default;
				SWIFT_VERSION = 4.0;
			};
			name = Debug;
		};
		607FACF11AFB9204008FA782 /* Release */ = {
			isa = XCBuildConfiguration;
			baseConfigurationReference = 76F61782E3C7A0559EE30678 /* Pods-Velar_Example.release.xcconfig */;
			buildSettings = {
				ASSETCATALOG_COMPILER_APPICON_NAME = AppIcon;
				INFOPLIST_FILE = Velar/Info.plist;
				LD_RUNPATH_SEARCH_PATHS = "$(inherited) @executable_path/Frameworks";
				MODULE_NAME = ExampleApp;
				PRODUCT_BUNDLE_IDENTIFIER = "org.cocoapods.demo.$(PRODUCT_NAME:rfc1034identifier)";
				PRODUCT_NAME = "$(TARGET_NAME)";
				SWIFT_SWIFT3_OBJC_INFERENCE = Default;
				SWIFT_VERSION = 4.0;
			};
			name = Release;
		};
		607FACF31AFB9204008FA782 /* Debug */ = {
			isa = XCBuildConfiguration;
			baseConfigurationReference = B74458D812EA17F503470BCD /* Pods-Velar_Tests.debug.xcconfig */;
			buildSettings = {
				FRAMEWORK_SEARCH_PATHS = (
					"$(SDKROOT)/Developer/Library/Frameworks",
					"$(inherited)",
				);
				GCC_PREPROCESSOR_DEFINITIONS = (
					"DEBUG=1",
					"$(inherited)",
				);
				INFOPLIST_FILE = Tests/Info.plist;
				LD_RUNPATH_SEARCH_PATHS = "$(inherited) @executable_path/Frameworks @loader_path/Frameworks";
				PRODUCT_BUNDLE_IDENTIFIER = "org.cocoapods.$(PRODUCT_NAME:rfc1034identifier)";
				PRODUCT_NAME = "$(TARGET_NAME)";
				SWIFT_SWIFT3_OBJC_INFERENCE = Default;
				SWIFT_VERSION = 4.0;
				TEST_HOST = "$(BUILT_PRODUCTS_DIR)/Velar_Example.app/Velar_Example";
			};
			name = Debug;
		};
		607FACF41AFB9204008FA782 /* Release */ = {
			isa = XCBuildConfiguration;
			baseConfigurationReference = BB4E23AEF5C67035F11856B9 /* Pods-Velar_Tests.release.xcconfig */;
			buildSettings = {
				FRAMEWORK_SEARCH_PATHS = (
					"$(SDKROOT)/Developer/Library/Frameworks",
					"$(inherited)",
				);
				INFOPLIST_FILE = Tests/Info.plist;
				LD_RUNPATH_SEARCH_PATHS = "$(inherited) @executable_path/Frameworks @loader_path/Frameworks";
				PRODUCT_BUNDLE_IDENTIFIER = "org.cocoapods.$(PRODUCT_NAME:rfc1034identifier)";
				PRODUCT_NAME = "$(TARGET_NAME)";
				SWIFT_SWIFT3_OBJC_INFERENCE = Default;
				SWIFT_VERSION = 4.0;
				TEST_HOST = "$(BUILT_PRODUCTS_DIR)/Velar_Example.app/Velar_Example";
			};
			name = Release;
		};
/* End XCBuildConfiguration section */

/* Begin XCConfigurationList section */
		607FACCB1AFB9204008FA782 /* Build configuration list for PBXProject "Velar" */ = {
			isa = XCConfigurationList;
			buildConfigurations = (
				607FACED1AFB9204008FA782 /* Debug */,
				607FACEE1AFB9204008FA782 /* Release */,
			);
			defaultConfigurationIsVisible = 0;
			defaultConfigurationName = Release;
		};
		607FACEF1AFB9204008FA782 /* Build configuration list for PBXNativeTarget "Velar_Example" */ = {
			isa = XCConfigurationList;
			buildConfigurations = (
				607FACF01AFB9204008FA782 /* Debug */,
				607FACF11AFB9204008FA782 /* Release */,
			);
			defaultConfigurationIsVisible = 0;
			defaultConfigurationName = Release;
		};
		607FACF21AFB9204008FA782 /* Build configuration list for PBXNativeTarget "Velar_Tests" */ = {
			isa = XCConfigurationList;
			buildConfigurations = (
				607FACF31AFB9204008FA782 /* Debug */,
				607FACF41AFB9204008FA782 /* Release */,
			);
			defaultConfigurationIsVisible = 0;
			defaultConfigurationName = Release;
		};
/* End XCConfigurationList section */
	};
	rootObject = 607FACC81AFB9204008FA782 /* Project object */;
}
